
Microsoft Visual Studio Solution File, Format Version 12.00
# Visual Studio Version 16
VisualStudioVersion = 16.0.30320.27
MinimumVisualStudioVersion = 10.0.40219.1
Project("{FAE04EC0-301F-11D3-BF4B-00C04F79EFBC}") = "Quandary", "Quandary.csproj", "{62CCFD76-E13A-45C7-96B4-97C3B19009D9}"
EndProject
Global
	GlobalSection(SolutionConfigurationPlatforms) = preSolution
		Debug|Any CPU = Debug|Any CPU
		Release|Any CPU = Release|Any CPU
	EndGlobalSection
	GlobalSection(ProjectConfigurationPlatforms) = postSolution
		{62CCFD76-E13A-45C7-96B4-97C3B19009D9}.Debug|Any CPU.ActiveCfg = Debug|Any CPU
		{62CCFD76-E13A-45C7-96B4-97C3B19009D9}.Debug|Any CPU.Build.0 = Debug|Any CPU
		{62CCFD76-E13A-45C7-96B4-97C3B19009D9}.Release|Any CPU.ActiveCfg = Release|Any CPU
		{62CCFD76-E13A-45C7-96B4-97C3B19009D9}.Release|Any CPU.Build.0 = Release|Any CPU
	EndGlobalSection
	GlobalSection(SolutionProperties) = preSolution
		HideSolutionNode = FALSE
	EndGlobalSection
	GlobalSection(ExtensibilityGlobals) = postSolution
		SolutionGuid = {D122088E-8D7E-43A2-9C2B-D621A20574D6}
	EndGlobalSection
EndGlobal
